
Microsoft Visual Studio Solution File, Format Version 12.00
# Visual Studio Version 16
VisualStudioVersion = 16.0.30804.86
MinimumVisualStudioVersion = 10.0.40219.1
Project("{FAE04EC0-301F-11D3-BF4B-00C04F79EFBC}") = "WpfApp", "WpfApp\WpfApp.csproj", "{3C9ACD04-ADA9-4BA5-99C4-0D3AB609634D}"
EndProject
Global
	GlobalSection(SolutionConfigurationPlatforms) = preSolution
		Debug|Any CPU = Debug|Any CPU
		Release|Any CPU = Release|Any CPU
	EndGlobalSection
	GlobalSection(ProjectConfigurationPlatforms) = postSolution
		{3C9ACD04-ADA9-4BA5-99C4-0D3AB609634D}.Debug|Any CPU.ActiveCfg = Debug|Any CPU
		{3C9ACD04-ADA9-4BA5-99C4-0D3AB609634D}.Debug|Any CPU.Build.0 = Debug|Any CPU
		{3C9ACD04-ADA9-4BA5-99C4-0D3AB609634D}.Release|Any CPU.ActiveCfg = Release|Any CPU
		{3C9ACD04-ADA9-4BA5-99C4-0D3AB609634D}.Release|Any CPU.Build.0 = Release|Any CPU
	EndGlobalSection
	GlobalSection(SolutionProperties) = preSolution
		HideSolutionNode = FALSE
	EndGlobalSection
	GlobalSection(ExtensibilityGlobals) = postSolution
		SolutionGuid = {C2512B60-CDF7-4843-B3DD-05D85A6A1D10}
	EndGlobalSection
EndGlobal
