
Microsoft Visual Studio Solution File, Format Version 12.00
# Visual Studio Version 16
VisualStudioVersion = 16.0.30804.86
MinimumVisualStudioVersion = 10.0.40219.1
Project("{9A19103F-16F7-4668-BE54-9A1E7A4F7556}") = "Calculator", "Calculator\Calculator.csproj", "{2AFD2F12-570D-4DD2-8337-D7D89E250F6C}"
EndProject
Project("{FAE04EC0-301F-11D3-BF4B-00C04F79EFBC}") = "CalculatorLibrary", "CalculatorLibrary\CalculatorLibrary.csproj", "{AC45F24C-9195-43C1-8D96-03BFEC4F9282}"
EndProject
Global
	GlobalSection(SolutionConfigurationPlatforms) = preSolution
		Debug|Any CPU = Debug|Any CPU
		Release|Any CPU = Release|Any CPU
	EndGlobalSection
	GlobalSection(ProjectConfigurationPlatforms) = postSolution
		{2AFD2F12-570D-4DD2-8337-D7D89E250F6C}.Debug|Any CPU.ActiveCfg = Debug|Any CPU
		{2AFD2F12-570D-4DD2-8337-D7D89E250F6C}.Debug|Any CPU.Build.0 = Debug|Any CPU
		{2AFD2F12-570D-4DD2-8337-D7D89E250F6C}.Release|Any CPU.ActiveCfg = Release|Any CPU
		{2AFD2F12-570D-4DD2-8337-D7D89E250F6C}.Release|Any CPU.Build.0 = Release|Any CPU
		{AC45F24C-9195-43C1-8D96-03BFEC4F9282}.Debug|Any CPU.ActiveCfg = Debug|Any CPU
		{AC45F24C-9195-43C1-8D96-03BFEC4F9282}.Debug|Any CPU.Build.0 = Debug|Any CPU
		{AC45F24C-9195-43C1-8D96-03BFEC4F9282}.Release|Any CPU.ActiveCfg = Release|Any CPU
		{AC45F24C-9195-43C1-8D96-03BFEC4F9282}.Release|Any CPU.Build.0 = Release|Any CPU
	EndGlobalSection
	GlobalSection(SolutionProperties) = preSolution
		HideSolutionNode = FALSE
	EndGlobalSection
	GlobalSection(ExtensibilityGlobals) = postSolution
		SolutionGuid = {3FBAD623-EFC4-4010-904D-5AF7ED65B53A}
	EndGlobalSection
EndGlobal
